// !$*UTF8*$!
{
	archiveVersion = 1;
	classes = {
	};
	objectVersion = 45;
	objects = {

/* Begin PBXBuildFile section */
		1D3623260D0F684500981E51 /* SocialCoderAppDelegate.m in Sources */ = {isa = PBXBuildFile; fileRef = 1D3623250D0F684500981E51 /* SocialCoderAppDelegate.m */; };
		1D60589B0D05DD56006BFB54 /* main.m in Sources */ = {isa = PBXBuildFile; fileRef = 29B97316FDCFA39411CA2CEA /* main.m */; };
		1D60589F0D05DD5A006BFB54 /* Foundation.framework in Frameworks */ = {isa = PBXBuildFile; fileRef = 1D30AB110D05D00D00671497 /* Foundation.framework */; };
		1DF5F4E00D08C38300B7A737 /* UIKit.framework in Frameworks */ = {isa = PBXBuildFile; fileRef = 1DF5F4DF0D08C38300B7A737 /* UIKit.framework */; };
		1E1C2F7A12C55CDD00B35DDC /* GistsTableViewController.m in Sources */ = {isa = PBXBuildFile; fileRef = 1E1C2F7912C55CDD00B35DDC /* GistsTableViewController.m */; };
		1E1C2F7D12C55CF200B35DDC /* SearchTableViewController.m in Sources */ = {isa = PBXBuildFile; fileRef = 1E1C2F7C12C55CF200B35DDC /* SearchTableViewController.m */; };
		1E1C2FC112C55FAC00B35DDC /* FileBrowserTableViewController.m in Sources */ = {isa = PBXBuildFile; fileRef = 1E1C2FC012C55FAC00B35DDC /* FileBrowserTableViewController.m */; };
		1E1C312F12C74CC300B35DDC /* BranchPickerTableViewController.m in Sources */ = {isa = PBXBuildFile; fileRef = 1E1C312E12C74CC300B35DDC /* BranchPickerTableViewController.m */; };
		1E1C328B12C7EE1800B35DDC /* texture1.png in Resources */ = {isa = PBXBuildFile; fileRef = 1E1C328A12C7EE1800B35DDC /* texture1.png */; };
		1E1C32A112C7EFB000B35DDC /* rowBackground.png in Resources */ = {isa = PBXBuildFile; fileRef = 1E1C329F12C7EFB000B35DDC /* rowBackground.png */; };
		1E1C32A212C7EFB000B35DDC /* rowBackgroundSelected.png in Resources */ = {isa = PBXBuildFile; fileRef = 1E1C32A012C7EFB000B35DDC /* rowBackgroundSelected.png */; };
		1E1C331512C7F8F000B35DDC /* texture2.png in Resources */ = {isa = PBXBuildFile; fileRef = 1E1C331412C7F8F000B35DDC /* texture2.png */; };
		1E1C34D812C8AEA200B35DDC /* navbarBackground.png in Resources */ = {isa = PBXBuildFile; fileRef = 1E1C34D712C8AEA200B35DDC /* navbarBackground.png */; };
		1E269BBB12BE586A005A3289 /* RepositoryCell.m in Sources */ = {isa = PBXBuildFile; fileRef = 1E269BBA12BE586A005A3289 /* RepositoryCell.m */; };
		1E269C8E12BE6845005A3289 /* forks.png in Resources */ = {isa = PBXBuildFile; fileRef = 1E269C8C12BE6845005A3289 /* forks.png */; };
		1E269C8F12BE6845005A3289 /* watchers.png in Resources */ = {isa = PBXBuildFile; fileRef = 1E269C8D12BE6845005A3289 /* watchers.png */; };
		1E3EA0421250FC9100B7C5B6 /* MessageUI.framework in Frameworks */ = {isa = PBXBuildFile; fileRef = 1E3EA0411250FC9100B7C5B6 /* MessageUI.framework */; };
		1E54136212BCAB3C006D3200 /* RepositoriesTableViewController.m in Sources */ = {isa = PBXBuildFile; fileRef = 1E54136112BCAB3C006D3200 /* RepositoriesTableViewController.m */; };
		1E590578124BFD7A007FAAA9 /* default_avatar.png in Resources */ = {isa = PBXBuildFile; fileRef = 1E590577124BFD7A007FAAA9 /* default_avatar.png */; };
		1E5B36DC12B4F28E0044ACD9 /* LoginViewController.m in Sources */ = {isa = PBXBuildFile; fileRef = 1E5B36DB12B4F28E0044ACD9 /* LoginViewController.m */; };
		1E5B36E312B4F3220044ACD9 /* LoginView.m in Sources */ = {isa = PBXBuildFile; fileRef = 1E5B36E212B4F3220044ACD9 /* LoginView.m */; };
		1E5B376512B50CAE0044ACD9 /* LoginFormTableViewController.m in Sources */ = {isa = PBXBuildFile; fileRef = 1E5B376412B50CAE0044ACD9 /* LoginFormTableViewController.m */; };
		1E8644DF12C94F7300F12375 /* dir.png in Resources */ = {isa = PBXBuildFile; fileRef = 1E8644DD12C94F7300F12375 /* dir.png */; };
		1E8644E012C94F7300F12375 /* txt.png in Resources */ = {isa = PBXBuildFile; fileRef = 1E8644DE12C94F7300F12375 /* txt.png */; };
		1EC8E993124FB30700DCB289 /* NSObject+SBJSON.m in Sources */ = {isa = PBXBuildFile; fileRef = 1EC8E98A124FB30700DCB289 /* NSObject+SBJSON.m */; };
		1EC8E994124FB30700DCB289 /* NSString+SBJSON.m in Sources */ = {isa = PBXBuildFile; fileRef = 1EC8E98C124FB30700DCB289 /* NSString+SBJSON.m */; };
		1EC8E995124FB30700DCB289 /* SBJsonBase.m in Sources */ = {isa = PBXBuildFile; fileRef = 1EC8E98E124FB30700DCB289 /* SBJsonBase.m */; };
		1EC8E996124FB30700DCB289 /* SBJsonParser.m in Sources */ = {isa = PBXBuildFile; fileRef = 1EC8E990124FB30700DCB289 /* SBJsonParser.m */; };
		1EC8E997124FB30700DCB289 /* SBJsonWriter.m in Sources */ = {isa = PBXBuildFile; fileRef = 1EC8E992124FB30700DCB289 /* SBJsonWriter.m */; };
		1EF58D0212BBFB4B00754D7E /* GitHubCommitFactory.m in Sources */ = {isa = PBXBuildFile; fileRef = 1EF58C9E12BBFB4B00754D7E /* GitHubCommitFactory.m */; };
		1EF58D0312BBFB4B00754D7E /* GitHubCommitImp.m in Sources */ = {isa = PBXBuildFile; fileRef = 1EF58CA012BBFB4B00754D7E /* GitHubCommitImp.m */; };
		1EF58D0412BBFB4B00754D7E /* GitHubCommitServiceFactory.m in Sources */ = {isa = PBXBuildFile; fileRef = 1EF58CA112BBFB4B00754D7E /* GitHubCommitServiceFactory.m */; };
		1EF58D0512BBFB4B00754D7E /* GitHubBaseFactory.m in Sources */ = {isa = PBXBuildFile; fileRef = 1EF58CA412BBFB4B00754D7E /* GitHubBaseFactory.m */; };
		1EF58D0612BBFB4B00754D7E /* GitHubServiceSettings.m in Sources */ = {isa = PBXBuildFile; fileRef = 1EF58CA512BBFB4B00754D7E /* GitHubServiceSettings.m */; };
		1EF58D0712BBFB4B00754D7E /* GitHubCommentFactory.m in Sources */ = {isa = PBXBuildFile; fileRef = 1EF58CA812BBFB4B00754D7E /* GitHubCommentFactory.m */; };
		1EF58D0812BBFB4B00754D7E /* GitHubCommentImp.m in Sources */ = {isa = PBXBuildFile; fileRef = 1EF58CAA12BBFB4B00754D7E /* GitHubCommentImp.m */; };
		1EF58D0912BBFB4B00754D7E /* GitHubIssueFactory.m in Sources */ = {isa = PBXBuildFile; fileRef = 1EF58CAC12BBFB4B00754D7E /* GitHubIssueFactory.m */; };
		1EF58D0A12BBFB4B00754D7E /* GitHubIssueImp.m in Sources */ = {isa = PBXBuildFile; fileRef = 1EF58CAE12BBFB4B00754D7E /* GitHubIssueImp.m */; };
		1EF58D0B12BBFB4B00754D7E /* GitHubIssueServiceFactory.m in Sources */ = {isa = PBXBuildFile; fileRef = 1EF58CAF12BBFB4B00754D7E /* GitHubIssueServiceFactory.m */; };
		1EF58D0C12BBFB4B00754D7E /* GitHubLabelFactory.m in Sources */ = {isa = PBXBuildFile; fileRef = 1EF58CB112BBFB4B00754D7E /* GitHubLabelFactory.m */; };
		1EF58D0D12BBFB4B00754D7E /* GitHubBlobFactory.m in Sources */ = {isa = PBXBuildFile; fileRef = 1EF58CB412BBFB4B00754D7E /* GitHubBlobFactory.m */; };
		1EF58D0E12BBFB4B00754D7E /* GitHubBlobImp.m in Sources */ = {isa = PBXBuildFile; fileRef = 1EF58CB612BBFB4B00754D7E /* GitHubBlobImp.m */; };
		1EF58D0F12BBFB4B00754D7E /* GitHubDataFactory.m in Sources */ = {isa = PBXBuildFile; fileRef = 1EF58CB812BBFB4B00754D7E /* GitHubDataFactory.m */; };
		1EF58D1012BBFB4B00754D7E /* GitHubObjectServiceFactory.m in Sources */ = {isa = PBXBuildFile; fileRef = 1EF58CB912BBFB4B00754D7E /* GitHubObjectServiceFactory.m */; };
		1EF58D1112BBFB4B00754D7E /* GitHubTreeItemFactory.m in Sources */ = {isa = PBXBuildFile; fileRef = 1EF58CBB12BBFB4B00754D7E /* GitHubTreeItemFactory.m */; };
		1EF58D1212BBFB4B00754D7E /* GitHubTreeItemImp.m in Sources */ = {isa = PBXBuildFile; fileRef = 1EF58CBD12BBFB4B00754D7E /* GitHubTreeItemImp.m */; };
		1EF58D1312BBFB4B00754D7E /* GitHubBranchFactory.m in Sources */ = {isa = PBXBuildFile; fileRef = 1EF58CC012BBFB4B00754D7E /* GitHubBranchFactory.m */; };
		1EF58D1412BBFB4B00754D7E /* GitHubBranchImp.m in Sources */ = {isa = PBXBuildFile; fileRef = 1EF58CC212BBFB4B00754D7E /* GitHubBranchImp.m */; };
		1EF58D1512BBFB4B00754D7E /* GitHubCollaboratorFactory.m in Sources */ = {isa = PBXBuildFile; fileRef = 1EF58CC412BBFB4B00754D7E /* GitHubCollaboratorFactory.m */; };
		1EF58D1612BBFB4B00754D7E /* GitHubContributorFactory.m in Sources */ = {isa = PBXBuildFile; fileRef = 1EF58CC612BBFB4B00754D7E /* GitHubContributorFactory.m */; };
		1EF58D1712BBFB4B00754D7E /* GitHubContributorImp.m in Sources */ = {isa = PBXBuildFile; fileRef = 1EF58CC812BBFB4B00754D7E /* GitHubContributorImp.m */; };
		1EF58D1812BBFB4B00754D7E /* GitHubRepositoryFactory.m in Sources */ = {isa = PBXBuildFile; fileRef = 1EF58CCA12BBFB4B00754D7E /* GitHubRepositoryFactory.m */; };
		1EF58D1912BBFB4B00754D7E /* GitHubRepositoryImp.m in Sources */ = {isa = PBXBuildFile; fileRef = 1EF58CCC12BBFB4B00754D7E /* GitHubRepositoryImp.m */; };
		1EF58D1A12BBFB4B00754D7E /* GitHubRepositoryPoster.m in Sources */ = {isa = PBXBuildFile; fileRef = 1EF58CCE12BBFB4B00754D7E /* GitHubRepositoryPoster.m */; };
		1EF58D1B12BBFB4B00754D7E /* GitHubRepositoryServiceFactory.m in Sources */ = {isa = PBXBuildFile; fileRef = 1EF58CCF12BBFB4B00754D7E /* GitHubRepositoryServiceFactory.m */; };
		1EF58D1C12BBFB4B00754D7E /* GitHubTagFactory.m in Sources */ = {isa = PBXBuildFile; fileRef = 1EF58CD112BBFB4B00754D7E /* GitHubTagFactory.m */; };
		1EF58D1D12BBFB4B00754D7E /* GitHubTagImp.m in Sources */ = {isa = PBXBuildFile; fileRef = 1EF58CD312BBFB4B00754D7E /* GitHubTagImp.m */; };
		1EF58D1E12BBFB4B00754D7E /* GitHubWatcherFactory.m in Sources */ = {isa = PBXBuildFile; fileRef = 1EF58CD512BBFB4B00754D7E /* GitHubWatcherFactory.m */; };
		1EF58D1F12BBFB4B00754D7E /* GitHubUserFactory.m in Sources */ = {isa = PBXBuildFile; fileRef = 1EF58CD812BBFB4B00754D7E /* GitHubUserFactory.m */; };
		1EF58D2012BBFB4B00754D7E /* GitHubUserImp.m in Sources */ = {isa = PBXBuildFile; fileRef = 1EF58CDA12BBFB4B00754D7E /* GitHubUserImp.m */; };
		1EF58D2112BBFB4B00754D7E /* GitHubUserNameFactory.m in Sources */ = {isa = PBXBuildFile; fileRef = 1EF58CDC12BBFB4B00754D7E /* GitHubUserNameFactory.m */; };
		1EF58D2212BBFB4B00754D7E /* GitHubUserPoster.m in Sources */ = {isa = PBXBuildFile; fileRef = 1EF58CDE12BBFB4B00754D7E /* GitHubUserPoster.m */; };
		1EF58D2312BBFB4B00754D7E /* GitHubUserSearchFactory.m in Sources */ = {isa = PBXBuildFile; fileRef = 1EF58CE012BBFB4B00754D7E /* GitHubUserSearchFactory.m */; };
		1EF58D2412BBFB4B00754D7E /* GitHubUserServiceFactory.m in Sources */ = {isa = PBXBuildFile; fileRef = 1EF58CE112BBFB4B00754D7E /* GitHubUserServiceFactory.m */; };
		1EF58DB112BC050E00754D7E /* github.png in Resources */ = {isa = PBXBuildFile; fileRef = 1EF58DB012BC050E00754D7E /* github.png */; };
		1EF58E9312BC1DA500754D7E /* MenuTableViewController.m in Sources */ = {isa = PBXBuildFile; fileRef = 1EF58E9212BC1DA500754D7E /* MenuTableViewController.m */; };
		1EF58EB612BC206B00754D7E /* ContentViewController.m in Sources */ = {isa = PBXBuildFile; fileRef = 1EF58EB512BC206B00754D7E /* ContentViewController.m */; };
		1EF58F0212BC27CF00754D7E /* FeedTableViewController.m in Sources */ = {isa = PBXBuildFile; fileRef = 1EF58F0112BC27CF00754D7E /* FeedTableViewController.m */; };
		28193055112F811F00ECF9B4 /* SocialCoder.xcdatamodeld in Sources */ = {isa = PBXBuildFile; fileRef = 28193054112F811F00ECF9B4 /* SocialCoder.xcdatamodeld */; };
		288765A50DF7441C002DB57D /* CoreGraphics.framework in Frameworks */ = {isa = PBXBuildFile; fileRef = 288765A40DF7441C002DB57D /* CoreGraphics.framework */; };
		28D801B40F44B63D00FB423F /* CoreData.framework in Frameworks */ = {isa = PBXBuildFile; fileRef = 28D801B30F44B63D00FB423F /* CoreData.framework */; };
/* End PBXBuildFile section */

/* Begin PBXFileReference section */
		1D30AB110D05D00D00671497 /* Foundation.framework */ = {isa = PBXFileReference; lastKnownFileType = wrapper.framework; name = Foundation.framework; path = System/Library/Frameworks/Foundation.framework; sourceTree = SDKROOT; };
		1D3623240D0F684500981E51 /* SocialCoderAppDelegate.h */ = {isa = PBXFileReference; fileEncoding = 4; lastKnownFileType = sourcecode.c.h; path = SocialCoderAppDelegate.h; sourceTree = "<group>"; };
		1D3623250D0F684500981E51 /* SocialCoderAppDelegate.m */ = {isa = PBXFileReference; fileEncoding = 4; lastKnownFileType = sourcecode.c.objc; path = SocialCoderAppDelegate.m; sourceTree = "<group>"; };
		1D6058910D05DD3D006BFB54 /* SocialCoder.app */ = {isa = PBXFileReference; explicitFileType = wrapper.application; includeInIndex = 0; path = SocialCoder.app; sourceTree = BUILT_PRODUCTS_DIR; };
		1DF5F4DF0D08C38300B7A737 /* UIKit.framework */ = {isa = PBXFileReference; lastKnownFileType = wrapper.framework; name = UIKit.framework; path = System/Library/Frameworks/UIKit.framework; sourceTree = SDKROOT; };
		1E1C2F7812C55CDD00B35DDC /* GistsTableViewController.h */ = {isa = PBXFileReference; fileEncoding = 4; lastKnownFileType = sourcecode.c.h; path = GistsTableViewController.h; sourceTree = "<group>"; };
		1E1C2F7912C55CDD00B35DDC /* GistsTableViewController.m */ = {isa = PBXFileReference; fileEncoding = 4; lastKnownFileType = sourcecode.c.objc; path = GistsTableViewController.m; sourceTree = "<group>"; };
		1E1C2F7B12C55CF200B35DDC /* SearchTableViewController.h */ = {isa = PBXFileReference; fileEncoding = 4; lastKnownFileType = sourcecode.c.h; path = SearchTableViewController.h; sourceTree = "<group>"; };
		1E1C2F7C12C55CF200B35DDC /* SearchTableViewController.m */ = {isa = PBXFileReference; fileEncoding = 4; lastKnownFileType = sourcecode.c.objc; path = SearchTableViewController.m; sourceTree = "<group>"; };
		1E1C2FBF12C55FAC00B35DDC /* FileBrowserTableViewController.h */ = {isa = PBXFileReference; fileEncoding = 4; lastKnownFileType = sourcecode.c.h; path = FileBrowserTableViewController.h; sourceTree = "<group>"; };
		1E1C2FC012C55FAC00B35DDC /* FileBrowserTableViewController.m */ = {isa = PBXFileReference; fileEncoding = 4; lastKnownFileType = sourcecode.c.objc; path = FileBrowserTableViewController.m; sourceTree = "<group>"; };
		1E1C312D12C74CC300B35DDC /* BranchPickerTableViewController.h */ = {isa = PBXFileReference; fileEncoding = 4; lastKnownFileType = sourcecode.c.h; path = BranchPickerTableViewController.h; sourceTree = "<group>"; };
		1E1C312E12C74CC300B35DDC /* BranchPickerTableViewController.m */ = {isa = PBXFileReference; fileEncoding = 4; lastKnownFileType = sourcecode.c.objc; path = BranchPickerTableViewController.m; sourceTree = "<group>"; };
		1E1C328A12C7EE1800B35DDC /* texture1.png */ = {isa = PBXFileReference; lastKnownFileType = image.png; name = texture1.png; path = Images/texture1.png; sourceTree = "<group>"; };
		1E1C329F12C7EFB000B35DDC /* rowBackground.png */ = {isa = PBXFileReference; lastKnownFileType = image.png; name = rowBackground.png; path = Images/rowBackground.png; sourceTree = "<group>"; };
		1E1C32A012C7EFB000B35DDC /* rowBackgroundSelected.png */ = {isa = PBXFileReference; lastKnownFileType = image.png; name = rowBackgroundSelected.png; path = Images/rowBackgroundSelected.png; sourceTree = "<group>"; };
		1E1C331412C7F8F000B35DDC /* texture2.png */ = {isa = PBXFileReference; lastKnownFileType = image.png; name = texture2.png; path = Images/texture2.png; sourceTree = "<group>"; };
		1E1C34D712C8AEA200B35DDC /* navbarBackground.png */ = {isa = PBXFileReference; lastKnownFileType = image.png; name = navbarBackground.png; path = Images/navbarBackground.png; sourceTree = "<group>"; };
		1E269BB912BE586A005A3289 /* RepositoryCell.h */ = {isa = PBXFileReference; fileEncoding = 4; lastKnownFileType = sourcecode.c.h; path = RepositoryCell.h; sourceTree = "<group>"; };
		1E269BBA12BE586A005A3289 /* RepositoryCell.m */ = {isa = PBXFileReference; fileEncoding = 4; lastKnownFileType = sourcecode.c.objc; path = RepositoryCell.m; sourceTree = "<group>"; };
		1E269C8C12BE6845005A3289 /* forks.png */ = {isa = PBXFileReference; lastKnownFileType = image.png; name = forks.png; path = Images/forks.png; sourceTree = "<group>"; };
		1E269C8D12BE6845005A3289 /* watchers.png */ = {isa = PBXFileReference; lastKnownFileType = image.png; name = watchers.png; path = Images/watchers.png; sourceTree = "<group>"; };
		1E3EA0411250FC9100B7C5B6 /* MessageUI.framework */ = {isa = PBXFileReference; lastKnownFileType = wrapper.framework; name = MessageUI.framework; path = System/Library/Frameworks/MessageUI.framework; sourceTree = SDKROOT; };
		1E54136012BCAB3C006D3200 /* RepositoriesTableViewController.h */ = {isa = PBXFileReference; fileEncoding = 4; lastKnownFileType = sourcecode.c.h; path = RepositoriesTableViewController.h; sourceTree = "<group>"; };
		1E54136112BCAB3C006D3200 /* RepositoriesTableViewController.m */ = {isa = PBXFileReference; fileEncoding = 4; lastKnownFileType = sourcecode.c.objc; path = RepositoriesTableViewController.m; sourceTree = "<group>"; };
		1E590577124BFD7A007FAAA9 /* default_avatar.png */ = {isa = PBXFileReference; lastKnownFileType = image.png; name = default_avatar.png; path = Images/default_avatar.png; sourceTree = "<group>"; };
		1E5B36DA12B4F28E0044ACD9 /* LoginViewController.h */ = {isa = PBXFileReference; fileEncoding = 4; lastKnownFileType = sourcecode.c.h; path = LoginViewController.h; sourceTree = "<group>"; };
		1E5B36DB12B4F28E0044ACD9 /* LoginViewController.m */ = {isa = PBXFileReference; fileEncoding = 4; lastKnownFileType = sourcecode.c.objc; path = LoginViewController.m; sourceTree = "<group>"; };
		1E5B36E112B4F3220044ACD9 /* LoginView.h */ = {isa = PBXFileReference; fileEncoding = 4; lastKnownFileType = sourcecode.c.h; path = LoginView.h; sourceTree = "<group>"; };
		1E5B36E212B4F3220044ACD9 /* LoginView.m */ = {isa = PBXFileReference; fileEncoding = 4; lastKnownFileType = sourcecode.c.objc; path = LoginView.m; sourceTree = "<group>"; };
		1E5B376312B50CAE0044ACD9 /* LoginFormTableViewController.h */ = {isa = PBXFileReference; fileEncoding = 4; lastKnownFileType = sourcecode.c.h; path = LoginFormTableViewController.h; sourceTree = "<group>"; };
		1E5B376412B50CAE0044ACD9 /* LoginFormTableViewController.m */ = {isa = PBXFileReference; fileEncoding = 4; lastKnownFileType = sourcecode.c.objc; path = LoginFormTableViewController.m; sourceTree = "<group>"; };
		1E8644DD12C94F7300F12375 /* dir.png */ = {isa = PBXFileReference; lastKnownFileType = image.png; name = dir.png; path = Images/dir.png; sourceTree = "<group>"; };
		1E8644DE12C94F7300F12375 /* txt.png */ = {isa = PBXFileReference; lastKnownFileType = image.png; name = txt.png; path = Images/txt.png; sourceTree = "<group>"; };
		1EC8E988124FB30700DCB289 /* JSON.h */ = {isa = PBXFileReference; fileEncoding = 4; lastKnownFileType = sourcecode.c.h; name = JSON.h; path = JSON/JSON.h; sourceTree = "<group>"; };
		1EC8E989124FB30700DCB289 /* NSObject+SBJSON.h */ = {isa = PBXFileReference; fileEncoding = 4; lastKnownFileType = sourcecode.c.h; name = "NSObject+SBJSON.h"; path = "JSON/NSObject+SBJSON.h"; sourceTree = "<group>"; };
		1EC8E98A124FB30700DCB289 /* NSObject+SBJSON.m */ = {isa = PBXFileReference; fileEncoding = 4; lastKnownFileType = sourcecode.c.objc; name = "NSObject+SBJSON.m"; path = "JSON/NSObject+SBJSON.m"; sourceTree = "<group>"; };
		1EC8E98B124FB30700DCB289 /* NSString+SBJSON.h */ = {isa = PBXFileReference; fileEncoding = 4; lastKnownFileType = sourcecode.c.h; name = "NSString+SBJSON.h"; path = "JSON/NSString+SBJSON.h"; sourceTree = "<group>"; };
		1EC8E98C124FB30700DCB289 /* NSString+SBJSON.m */ = {isa = PBXFileReference; fileEncoding = 4; lastKnownFileType = sourcecode.c.objc; name = "NSString+SBJSON.m"; path = "JSON/NSString+SBJSON.m"; sourceTree = "<group>"; };
		1EC8E98D124FB30700DCB289 /* SBJsonBase.h */ = {isa = PBXFileReference; fileEncoding = 4; lastKnownFileType = sourcecode.c.h; name = SBJsonBase.h; path = JSON/SBJsonBase.h; sourceTree = "<group>"; };
		1EC8E98E124FB30700DCB289 /* SBJsonBase.m */ = {isa = PBXFileReference; fileEncoding = 4; lastKnownFileType = sourcecode.c.objc; name = SBJsonBase.m; path = JSON/SBJsonBase.m; sourceTree = "<group>"; };
		1EC8E98F124FB30700DCB289 /* SBJsonParser.h */ = {isa = PBXFileReference; fileEncoding = 4; lastKnownFileType = sourcecode.c.h; name = SBJsonParser.h; path = JSON/SBJsonParser.h; sourceTree = "<group>"; };
		1EC8E990124FB30700DCB289 /* SBJsonParser.m */ = {isa = PBXFileReference; fileEncoding = 4; lastKnownFileType = sourcecode.c.objc; name = SBJsonParser.m; path = JSON/SBJsonParser.m; sourceTree = "<group>"; };
		1EC8E991124FB30700DCB289 /* SBJsonWriter.h */ = {isa = PBXFileReference; fileEncoding = 4; lastKnownFileType = sourcecode.c.h; name = SBJsonWriter.h; path = JSON/SBJsonWriter.h; sourceTree = "<group>"; };
		1EC8E992124FB30700DCB289 /* SBJsonWriter.m */ = {isa = PBXFileReference; fileEncoding = 4; lastKnownFileType = sourcecode.c.objc; name = SBJsonWriter.m; path = JSON/SBJsonWriter.m; sourceTree = "<group>"; };
		1EF58C9D12BBFB4B00754D7E /* GitHubCommitFactory.h */ = {isa = PBXFileReference; fileEncoding = 4; lastKnownFileType = sourcecode.c.h; path = GitHubCommitFactory.h; sourceTree = "<group>"; };
		1EF58C9E12BBFB4B00754D7E /* GitHubCommitFactory.m */ = {isa = PBXFileReference; fileEncoding = 4; lastKnownFileType = sourcecode.c.objc; path = GitHubCommitFactory.m; sourceTree = "<group>"; };
		1EF58C9F12BBFB4B00754D7E /* GitHubCommitImp.h */ = {isa = PBXFileReference; fileEncoding = 4; lastKnownFileType = sourcecode.c.h; path = GitHubCommitImp.h; sourceTree = "<group>"; };
		1EF58CA012BBFB4B00754D7E /* GitHubCommitImp.m */ = {isa = PBXFileReference; fileEncoding = 4; lastKnownFileType = sourcecode.c.objc; path = GitHubCommitImp.m; sourceTree = "<group>"; };
		1EF58CA112BBFB4B00754D7E /* GitHubCommitServiceFactory.m */ = {isa = PBXFileReference; fileEncoding = 4; lastKnownFileType = sourcecode.c.objc; path = GitHubCommitServiceFactory.m; sourceTree = "<group>"; };
		1EF58CA312BBFB4B00754D7E /* GitHubBaseFactory.h */ = {isa = PBXFileReference; fileEncoding = 4; lastKnownFileType = sourcecode.c.h; path = GitHubBaseFactory.h; sourceTree = "<group>"; };
		1EF58CA412BBFB4B00754D7E /* GitHubBaseFactory.m */ = {isa = PBXFileReference; fileEncoding = 4; lastKnownFileType = sourcecode.c.objc; path = GitHubBaseFactory.m; sourceTree = "<group>"; };
		1EF58CA512BBFB4B00754D7E /* GitHubServiceSettings.m */ = {isa = PBXFileReference; fileEncoding = 4; lastKnownFileType = sourcecode.c.objc; path = GitHubServiceSettings.m; sourceTree = "<group>"; };
		1EF58CA712BBFB4B00754D7E /* GitHubCommentFactory.h */ = {isa = PBXFileReference; fileEncoding = 4; lastKnownFileType = sourcecode.c.h; path = GitHubCommentFactory.h; sourceTree = "<group>"; };
		1EF58CA812BBFB4B00754D7E /* GitHubCommentFactory.m */ = {isa = PBXFileReference; fileEncoding = 4; lastKnownFileType = sourcecode.c.objc; path = GitHubCommentFactory.m; sourceTree = "<group>"; };
		1EF58CA912BBFB4B00754D7E /* GitHubCommentImp.h */ = {isa = PBXFileReference; fileEncoding = 4; lastKnownFileType = sourcecode.c.h; path = GitHubCommentImp.h; sourceTree = "<group>"; };
		1EF58CAA12BBFB4B00754D7E /* GitHubCommentImp.m */ = {isa = PBXFileReference; fileEncoding = 4; lastKnownFileType = sourcecode.c.objc; path = GitHubCommentImp.m; sourceTree = "<group>"; };
		1EF58CAB12BBFB4B00754D7E /* GitHubIssueFactory.h */ = {isa = PBXFileReference; fileEncoding = 4; lastKnownFileType = sourcecode.c.h; path = GitHubIssueFactory.h; sourceTree = "<group>"; };
		1EF58CAC12BBFB4B00754D7E /* GitHubIssueFactory.m */ = {isa = PBXFileReference; fileEncoding = 4; lastKnownFileType = sourcecode.c.objc; path = GitHubIssueFactory.m; sourceTree = "<group>"; };
		1EF58CAD12BBFB4B00754D7E /* GitHubIssueImp.h */ = {isa = PBXFileReference; fileEncoding = 4; lastKnownFileType = sourcecode.c.h; path = GitHubIssueImp.h; sourceTree = "<group>"; };
		1EF58CAE12BBFB4B00754D7E /* GitHubIssueImp.m */ = {isa = PBXFileReference; fileEncoding = 4; lastKnownFileType = sourcecode.c.objc; path = GitHubIssueImp.m; sourceTree = "<group>"; };
		1EF58CAF12BBFB4B00754D7E /* GitHubIssueServiceFactory.m */ = {isa = PBXFileReference; fileEncoding = 4; lastKnownFileType = sourcecode.c.objc; path = GitHubIssueServiceFactory.m; sourceTree = "<group>"; };
		1EF58CB012BBFB4B00754D7E /* GitHubLabelFactory.h */ = {isa = PBXFileReference; fileEncoding = 4; lastKnownFileType = sourcecode.c.h; path = GitHubLabelFactory.h; sourceTree = "<group>"; };
		1EF58CB112BBFB4B00754D7E /* GitHubLabelFactory.m */ = {isa = PBXFileReference; fileEncoding = 4; lastKnownFileType = sourcecode.c.objc; path = GitHubLabelFactory.m; sourceTree = "<group>"; };
		1EF58CB312BBFB4B00754D7E /* GitHubBlobFactory.h */ = {isa = PBXFileReference; fileEncoding = 4; lastKnownFileType = sourcecode.c.h; path = GitHubBlobFactory.h; sourceTree = "<group>"; };
		1EF58CB412BBFB4B00754D7E /* GitHubBlobFactory.m */ = {isa = PBXFileReference; fileEncoding = 4; lastKnownFileType = sourcecode.c.objc; path = GitHubBlobFactory.m; sourceTree = "<group>"; };
		1EF58CB512BBFB4B00754D7E /* GitHubBlobImp.h */ = {isa = PBXFileReference; fileEncoding = 4; lastKnownFileType = sourcecode.c.h; path = GitHubBlobImp.h; sourceTree = "<group>"; };
		1EF58CB612BBFB4B00754D7E /* GitHubBlobImp.m */ = {isa = PBXFileReference; fileEncoding = 4; lastKnownFileType = sourcecode.c.objc; path = GitHubBlobImp.m; sourceTree = "<group>"; };
		1EF58CB712BBFB4B00754D7E /* GitHubDataFactory.h */ = {isa = PBXFileReference; fileEncoding = 4; lastKnownFileType = sourcecode.c.h; path = GitHubDataFactory.h; sourceTree = "<group>"; };
		1EF58CB812BBFB4B00754D7E /* GitHubDataFactory.m */ = {isa = PBXFileReference; fileEncoding = 4; lastKnownFileType = sourcecode.c.objc; path = GitHubDataFactory.m; sourceTree = "<group>"; };
		1EF58CB912BBFB4B00754D7E /* GitHubObjectServiceFactory.m */ = {isa = PBXFileReference; fileEncoding = 4; lastKnownFileType = sourcecode.c.objc; path = GitHubObjectServiceFactory.m; sourceTree = "<group>"; };
		1EF58CBA12BBFB4B00754D7E /* GitHubTreeItemFactory.h */ = {isa = PBXFileReference; fileEncoding = 4; lastKnownFileType = sourcecode.c.h; path = GitHubTreeItemFactory.h; sourceTree = "<group>"; };
		1EF58CBB12BBFB4B00754D7E /* GitHubTreeItemFactory.m */ = {isa = PBXFileReference; fileEncoding = 4; lastKnownFileType = sourcecode.c.objc; path = GitHubTreeItemFactory.m; sourceTree = "<group>"; };
		1EF58CBC12BBFB4B00754D7E /* GitHubTreeItemImp.h */ = {isa = PBXFileReference; fileEncoding = 4; lastKnownFileType = sourcecode.c.h; path = GitHubTreeItemImp.h; sourceTree = "<group>"; };
		1EF58CBD12BBFB4B00754D7E /* GitHubTreeItemImp.m */ = {isa = PBXFileReference; fileEncoding = 4; lastKnownFileType = sourcecode.c.objc; path = GitHubTreeItemImp.m; sourceTree = "<group>"; };
		1EF58CBF12BBFB4B00754D7E /* GitHubBranchFactory.h */ = {isa = PBXFileReference; fileEncoding = 4; lastKnownFileType = sourcecode.c.h; path = GitHubBranchFactory.h; sourceTree = "<group>"; };
		1EF58CC012BBFB4B00754D7E /* GitHubBranchFactory.m */ = {isa = PBXFileReference; fileEncoding = 4; lastKnownFileType = sourcecode.c.objc; path = GitHubBranchFactory.m; sourceTree = "<group>"; };
		1EF58CC112BBFB4B00754D7E /* GitHubBranchImp.h */ = {isa = PBXFileReference; fileEncoding = 4; lastKnownFileType = sourcecode.c.h; path = GitHubBranchImp.h; sourceTree = "<group>"; };
		1EF58CC212BBFB4B00754D7E /* GitHubBranchImp.m */ = {isa = PBXFileReference; fileEncoding = 4; lastKnownFileType = sourcecode.c.objc; path = GitHubBranchImp.m; sourceTree = "<group>"; };
		1EF58CC312BBFB4B00754D7E /* GitHubCollaboratorFactory.h */ = {isa = PBXFileReference; fileEncoding = 4; lastKnownFileType = sourcecode.c.h; path = GitHubCollaboratorFactory.h; sourceTree = "<group>"; };
		1EF58CC412BBFB4B00754D7E /* GitHubCollaboratorFactory.m */ = {isa = PBXFileReference; fileEncoding = 4; lastKnownFileType = sourcecode.c.objc; path = GitHubCollaboratorFactory.m; sourceTree = "<group>"; };
		1EF58CC512BBFB4B00754D7E /* GitHubContributorFactory.h */ = {isa = PBXFileReference; fileEncoding = 4; lastKnownFileType = sourcecode.c.h; path = GitHubContributorFactory.h; sourceTree = "<group>"; };
		1EF58CC612BBFB4B00754D7E /* GitHubContributorFactory.m */ = {isa = PBXFileReference; fileEncoding = 4; lastKnownFileType = sourcecode.c.objc; path = GitHubContributorFactory.m; sourceTree = "<group>"; };
		1EF58CC712BBFB4B00754D7E /* GitHubContributorImp.h */ = {isa = PBXFileReference; fileEncoding = 4; lastKnownFileType = sourcecode.c.h; path = GitHubContributorImp.h; sourceTree = "<group>"; };
		1EF58CC812BBFB4B00754D7E /* GitHubContributorImp.m */ = {isa = PBXFileReference; fileEncoding = 4; lastKnownFileType = sourcecode.c.objc; path = GitHubContributorImp.m; sourceTree = "<group>"; };
		1EF58CC912BBFB4B00754D7E /* GitHubRepositoryFactory.h */ = {isa = PBXFileReference; fileEncoding = 4; lastKnownFileType = sourcecode.c.h; path = GitHubRepositoryFactory.h; sourceTree = "<group>"; };
		1EF58CCA12BBFB4B00754D7E /* GitHubRepositoryFactory.m */ = {isa = PBXFileReference; fileEncoding = 4; lastKnownFileType = sourcecode.c.objc; path = GitHubRepositoryFactory.m; sourceTree = "<group>"; };
		1EF58CCB12BBFB4B00754D7E /* GitHubRepositoryImp.h */ = {isa = PBXFileReference; fileEncoding = 4; lastKnownFileType = sourcecode.c.h; path = GitHubRepositoryImp.h; sourceTree = "<group>"; };
		1EF58CCC12BBFB4B00754D7E /* GitHubRepositoryImp.m */ = {isa = PBXFileReference; fileEncoding = 4; lastKnownFileType = sourcecode.c.objc; path = GitHubRepositoryImp.m; sourceTree = "<group>"; };
		1EF58CCD12BBFB4B00754D7E /* GitHubRepositoryPoster.h */ = {isa = PBXFileReference; fileEncoding = 4; lastKnownFileType = sourcecode.c.h; path = GitHubRepositoryPoster.h; sourceTree = "<group>"; };
		1EF58CCE12BBFB4B00754D7E /* GitHubRepositoryPoster.m */ = {isa = PBXFileReference; fileEncoding = 4; lastKnownFileType = sourcecode.c.objc; path = GitHubRepositoryPoster.m; sourceTree = "<group>"; };
		1EF58CCF12BBFB4B00754D7E /* GitHubRepositoryServiceFactory.m */ = {isa = PBXFileReference; fileEncoding = 4; lastKnownFileType = sourcecode.c.objc; path = GitHubRepositoryServiceFactory.m; sourceTree = "<group>"; };
		1EF58CD012BBFB4B00754D7E /* GitHubTagFactory.h */ = {isa = PBXFileReference; fileEncoding = 4; lastKnownFileType = sourcecode.c.h; path = GitHubTagFactory.h; sourceTree = "<group>"; };
		1EF58CD112BBFB4B00754D7E /* GitHubTagFactory.m */ = {isa = PBXFileReference; fileEncoding = 4; lastKnownFileType = sourcecode.c.objc; path = GitHubTagFactory.m; sourceTree = "<group>"; };
		1EF58CD212BBFB4B00754D7E /* GitHubTagImp.h */ = {isa = PBXFileReference; fileEncoding = 4; lastKnownFileType = sourcecode.c.h; path = GitHubTagImp.h; sourceTree = "<group>"; };
		1EF58CD312BBFB4B00754D7E /* GitHubTagImp.m */ = {isa = PBXFileReference; fileEncoding = 4; lastKnownFileType = sourcecode.c.objc; path = GitHubTagImp.m; sourceTree = "<group>"; };
		1EF58CD412BBFB4B00754D7E /* GitHubWatcherFactory.h */ = {isa = PBXFileReference; fileEncoding = 4; lastKnownFileType = sourcecode.c.h; path = GitHubWatcherFactory.h; sourceTree = "<group>"; };
		1EF58CD512BBFB4B00754D7E /* GitHubWatcherFactory.m */ = {isa = PBXFileReference; fileEncoding = 4; lastKnownFileType = sourcecode.c.objc; path = GitHubWatcherFactory.m; sourceTree = "<group>"; };
		1EF58CD712BBFB4B00754D7E /* GitHubUserFactory.h */ = {isa = PBXFileReference; fileEncoding = 4; lastKnownFileType = sourcecode.c.h; path = GitHubUserFactory.h; sourceTree = "<group>"; };
		1EF58CD812BBFB4B00754D7E /* GitHubUserFactory.m */ = {isa = PBXFileReference; fileEncoding = 4; lastKnownFileType = sourcecode.c.objc; path = GitHubUserFactory.m; sourceTree = "<group>"; };
		1EF58CD912BBFB4B00754D7E /* GitHubUserImp.h */ = {isa = PBXFileReference; fileEncoding = 4; lastKnownFileType = sourcecode.c.h; path = GitHubUserImp.h; sourceTree = "<group>"; };
		1EF58CDA12BBFB4B00754D7E /* GitHubUserImp.m */ = {isa = PBXFileReference; fileEncoding = 4; lastKnownFileType = sourcecode.c.objc; path = GitHubUserImp.m; sourceTree = "<group>"; };
		1EF58CDB12BBFB4B00754D7E /* GitHubUserNameFactory.h */ = {isa = PBXFileReference; fileEncoding = 4; lastKnownFileType = sourcecode.c.h; path = GitHubUserNameFactory.h; sourceTree = "<group>"; };
		1EF58CDC12BBFB4B00754D7E /* GitHubUserNameFactory.m */ = {isa = PBXFileReference; fileEncoding = 4; lastKnownFileType = sourcecode.c.objc; path = GitHubUserNameFactory.m; sourceTree = "<group>"; };
		1EF58CDD12BBFB4B00754D7E /* GitHubUserPoster.h */ = {isa = PBXFileReference; fileEncoding = 4; lastKnownFileType = sourcecode.c.h; path = GitHubUserPoster.h; sourceTree = "<group>"; };
		1EF58CDE12BBFB4B00754D7E /* GitHubUserPoster.m */ = {isa = PBXFileReference; fileEncoding = 4; lastKnownFileType = sourcecode.c.objc; path = GitHubUserPoster.m; sourceTree = "<group>"; };
		1EF58CDF12BBFB4B00754D7E /* GitHubUserSearchFactory.h */ = {isa = PBXFileReference; fileEncoding = 4; lastKnownFileType = sourcecode.c.h; path = GitHubUserSearchFactory.h; sourceTree = "<group>"; };
		1EF58CE012BBFB4B00754D7E /* GitHubUserSearchFactory.m */ = {isa = PBXFileReference; fileEncoding = 4; lastKnownFileType = sourcecode.c.objc; path = GitHubUserSearchFactory.m; sourceTree = "<group>"; };
		1EF58CE112BBFB4B00754D7E /* GitHubUserServiceFactory.m */ = {isa = PBXFileReference; fileEncoding = 4; lastKnownFileType = sourcecode.c.objc; path = GitHubUserServiceFactory.m; sourceTree = "<group>"; };
		1EF58CE312BBFB4B00754D7E /* GitHubBlob.h */ = {isa = PBXFileReference; fileEncoding = 4; lastKnownFileType = sourcecode.c.h; path = GitHubBlob.h; sourceTree = "<group>"; };
		1EF58CE412BBFB4B00754D7E /* GitHubBranch.h */ = {isa = PBXFileReference; fileEncoding = 4; lastKnownFileType = sourcecode.c.h; path = GitHubBranch.h; sourceTree = "<group>"; };
		1EF58CE512BBFB4B00754D7E /* GitHubComment.h */ = {isa = PBXFileReference; fileEncoding = 4; lastKnownFileType = sourcecode.c.h; path = GitHubComment.h; sourceTree = "<group>"; };
		1EF58CE612BBFB4B00754D7E /* GitHubCommit.h */ = {isa = PBXFileReference; fileEncoding = 4; lastKnownFileType = sourcecode.c.h; path = GitHubCommit.h; sourceTree = "<group>"; };
		1EF58CE712BBFB4B00754D7E /* GitHubCommitServiceFactory.h */ = {isa = PBXFileReference; fileEncoding = 4; lastKnownFileType = sourcecode.c.h; path = GitHubCommitServiceFactory.h; sourceTree = "<group>"; };
		1EF58CE812BBFB4B00754D7E /* GitHubContributor.h */ = {isa = PBXFileReference; fileEncoding = 4; lastKnownFileType = sourcecode.c.h; path = GitHubContributor.h; sourceTree = "<group>"; };
		1EF58CE912BBFB4B00754D7E /* GitHubIssue.h */ = {isa = PBXFileReference; fileEncoding = 4; lastKnownFileType = sourcecode.c.h; path = GitHubIssue.h; sourceTree = "<group>"; };
		1EF58CEA12BBFB4B00754D7E /* GitHubIssueServiceFactory.h */ = {isa = PBXFileReference; fileEncoding = 4; lastKnownFileType = sourcecode.c.h; path = GitHubIssueServiceFactory.h; sourceTree = "<group>"; };
		1EF58CEB12BBFB4B00754D7E /* GitHubObjectServiceFactory.h */ = {isa = PBXFileReference; fileEncoding = 4; lastKnownFileType = sourcecode.c.h; path = GitHubObjectServiceFactory.h; sourceTree = "<group>"; };
		1EF58CEC12BBFB4B00754D7E /* GitHubRef.h */ = {isa = PBXFileReference; fileEncoding = 4; lastKnownFileType = sourcecode.c.h; path = GitHubRef.h; sourceTree = "<group>"; };
		1EF58CED12BBFB4B00754D7E /* GitHubRepository.h */ = {isa = PBXFileReference; fileEncoding = 4; lastKnownFileType = sourcecode.c.h; path = GitHubRepository.h; sourceTree = "<group>"; };
		1EF58CEE12BBFB4B00754D7E /* GitHubRepositoryServiceFactory.h */ = {isa = PBXFileReference; fileEncoding = 4; lastKnownFileType = sourcecode.c.h; path = GitHubRepositoryServiceFactory.h; sourceTree = "<group>"; };
		1EF58CEF12BBFB4B00754D7E /* GitHubService.h */ = {isa = PBXFileReference; fileEncoding = 4; lastKnownFileType = sourcecode.c.h; path = GitHubService.h; sourceTree = "<group>"; };
		1EF58CF012BBFB4B00754D7E /* GitHubServiceDelegate.h */ = {isa = PBXFileReference; fileEncoding = 4; lastKnownFileType = sourcecode.c.h; path = GitHubServiceDelegate.h; sourceTree = "<group>"; };
		1EF58CF112BBFB4B00754D7E /* GitHubServiceGotBlobDelegate.h */ = {isa = PBXFileReference; fileEncoding = 4; lastKnownFileType = sourcecode.c.h; path = GitHubServiceGotBlobDelegate.h; sourceTree = "<group>"; };
		1EF58CF212BBFB4B00754D7E /* GitHubServiceGotBranchDelegate.h */ = {isa = PBXFileReference; fileEncoding = 4; lastKnownFileType = sourcecode.c.h; path = GitHubServiceGotBranchDelegate.h; sourceTree = "<group>"; };
		1EF58CF312BBFB4B00754D7E /* GitHubServiceGotCommentDelegate.h */ = {isa = PBXFileReference; fileEncoding = 4; lastKnownFileType = sourcecode.c.h; path = GitHubServiceGotCommentDelegate.h; sourceTree = "<group>"; };
		1EF58CF412BBFB4B00754D7E /* GitHubServiceGotCommitDelegate.h */ = {isa = PBXFileReference; fileEncoding = 4; lastKnownFileType = sourcecode.c.h; path = GitHubServiceGotCommitDelegate.h; sourceTree = "<group>"; };
		1EF58CF512BBFB4B00754D7E /* GitHubServiceGotContributorDelegate.h */ = {isa = PBXFileReference; fileEncoding = 4; lastKnownFileType = sourcecode.c.h; path = GitHubServiceGotContributorDelegate.h; sourceTree = "<group>"; };
		1EF58CF612BBFB4B00754D7E /* GitHubServiceGotDataDelegate.h */ = {isa = PBXFileReference; fileEncoding = 4; lastKnownFileType = sourcecode.c.h; path = GitHubServiceGotDataDelegate.h; sourceTree = "<group>"; };
		1EF58CF712BBFB4B00754D7E /* GitHubServiceGotIssueDelegate.h */ = {isa = PBXFileReference; fileEncoding = 4; lastKnownFileType = sourcecode.c.h; path = GitHubServiceGotIssueDelegate.h; sourceTree = "<group>"; };
		1EF58CF812BBFB4B00754D7E /* GitHubServiceGotNameDelegate.h */ = {isa = PBXFileReference; fileEncoding = 4; lastKnownFileType = sourcecode.c.h; path = GitHubServiceGotNameDelegate.h; sourceTree = "<group>"; };
		1EF58CF912BBFB4B00754D7E /* GitHubServiceGotRepositoryDelegate.h */ = {isa = PBXFileReference; fileEncoding = 4; lastKnownFileType = sourcecode.c.h; path = GitHubServiceGotRepositoryDelegate.h; sourceTree = "<group>"; };
		1EF58CFA12BBFB4B00754D7E /* GitHubServiceGotTagDelegate.h */ = {isa = PBXFileReference; fileEncoding = 4; lastKnownFileType = sourcecode.c.h; path = GitHubServiceGotTagDelegate.h; sourceTree = "<group>"; };
		1EF58CFB12BBFB4B00754D7E /* GitHubServiceGotTreeItemDelegate.h */ = {isa = PBXFileReference; fileEncoding = 4; lastKnownFileType = sourcecode.c.h; path = GitHubServiceGotTreeItemDelegate.h; sourceTree = "<group>"; };
		1EF58CFC12BBFB4B00754D7E /* GitHubServiceGotUserDelegate.h */ = {isa = PBXFileReference; fileEncoding = 4; lastKnownFileType = sourcecode.c.h; path = GitHubServiceGotUserDelegate.h; sourceTree = "<group>"; };
		1EF58CFD12BBFB4B00754D7E /* GitHubServiceSettings.h */ = {isa = PBXFileReference; fileEncoding = 4; lastKnownFileType = sourcecode.c.h; path = GitHubServiceSettings.h; sourceTree = "<group>"; };
		1EF58CFE12BBFB4B00754D7E /* GitHubTag.h */ = {isa = PBXFileReference; fileEncoding = 4; lastKnownFileType = sourcecode.c.h; path = GitHubTag.h; sourceTree = "<group>"; };
		1EF58CFF12BBFB4B00754D7E /* GitHubTreeItem.h */ = {isa = PBXFileReference; fileEncoding = 4; lastKnownFileType = sourcecode.c.h; path = GitHubTreeItem.h; sourceTree = "<group>"; };
		1EF58D0012BBFB4B00754D7E /* GitHubUser.h */ = {isa = PBXFileReference; fileEncoding = 4; lastKnownFileType = sourcecode.c.h; path = GitHubUser.h; sourceTree = "<group>"; };
		1EF58D0112BBFB4B00754D7E /* GitHubUserServiceFactory.h */ = {isa = PBXFileReference; fileEncoding = 4; lastKnownFileType = sourcecode.c.h; path = GitHubUserServiceFactory.h; sourceTree = "<group>"; };
		1EF58DB012BC050E00754D7E /* github.png */ = {isa = PBXFileReference; lastKnownFileType = image.png; name = github.png; path = Images/github.png; sourceTree = "<group>"; };
		1EF58E9112BC1DA500754D7E /* MenuTableViewController.h */ = {isa = PBXFileReference; fileEncoding = 4; lastKnownFileType = sourcecode.c.h; path = MenuTableViewController.h; sourceTree = "<group>"; };
		1EF58E9212BC1DA500754D7E /* MenuTableViewController.m */ = {isa = PBXFileReference; fileEncoding = 4; lastKnownFileType = sourcecode.c.objc; path = MenuTableViewController.m; sourceTree = "<group>"; };
		1EF58EB412BC206B00754D7E /* ContentViewController.h */ = {isa = PBXFileReference; fileEncoding = 4; lastKnownFileType = sourcecode.c.h; path = ContentViewController.h; sourceTree = "<group>"; };
		1EF58EB512BC206B00754D7E /* ContentViewController.m */ = {isa = PBXFileReference; fileEncoding = 4; lastKnownFileType = sourcecode.c.objc; path = ContentViewController.m; sourceTree = "<group>"; };
		1EF58F0012BC27CF00754D7E /* FeedTableViewController.h */ = {isa = PBXFileReference; fileEncoding = 4; lastKnownFileType = sourcecode.c.h; path = FeedTableViewController.h; sourceTree = "<group>"; };
		1EF58F0112BC27CF00754D7E /* FeedTableViewController.m */ = {isa = PBXFileReference; fileEncoding = 4; lastKnownFileType = sourcecode.c.objc; path = FeedTableViewController.m; sourceTree = "<group>"; };
		288765A40DF7441C002DB57D /* CoreGraphics.framework */ = {isa = PBXFileReference; lastKnownFileType = wrapper.framework; name = CoreGraphics.framework; path = System/Library/Frameworks/CoreGraphics.framework; sourceTree = SDKROOT; };
		28C3AD890F43EF2300507BA6 /* SocialCoder.xcdatamodel */ = {isa = PBXFileReference; fileEncoding = 4; lastKnownFileType = wrapper.xcdatamodel; path = SocialCoder.xcdatamodel; sourceTree = "<group>"; };
		28D801B30F44B63D00FB423F /* CoreData.framework */ = {isa = PBXFileReference; lastKnownFileType = wrapper.framework; name = CoreData.framework; path = System/Library/Frameworks/CoreData.framework; sourceTree = SDKROOT; };
		29B97316FDCFA39411CA2CEA /* main.m */ = {isa = PBXFileReference; fileEncoding = 4; lastKnownFileType = sourcecode.c.objc; path = main.m; sourceTree = "<group>"; };
		32CA4F630368D1EE00C91783 /* SocialCoder_Prefix.pch */ = {isa = PBXFileReference; fileEncoding = 4; lastKnownFileType = sourcecode.c.h; path = SocialCoder_Prefix.pch; sourceTree = "<group>"; };
		8D1107310486CEB800E47090 /* SocialCoder-Info.plist */ = {isa = PBXFileReference; fileEncoding = 4; lastKnownFileType = text.plist.xml; path = "SocialCoder-Info.plist"; plistStructureDefinitionIdentifier = "com.apple.xcode.plist.structure-definition.iphone.info-plist"; sourceTree = "<group>"; };
/* End PBXFileReference section */

/* Begin PBXFrameworksBuildPhase section */
		1D60588F0D05DD3D006BFB54 /* Frameworks */ = {
			isa = PBXFrameworksBuildPhase;
			buildActionMask = 2147483647;
			files = (
				1D60589F0D05DD5A006BFB54 /* Foundation.framework in Frameworks */,
				1DF5F4E00D08C38300B7A737 /* UIKit.framework in Frameworks */,
				288765A50DF7441C002DB57D /* CoreGraphics.framework in Frameworks */,
				28D801B40F44B63D00FB423F /* CoreData.framework in Frameworks */,
				1E3EA0421250FC9100B7C5B6 /* MessageUI.framework in Frameworks */,
			);
			runOnlyForDeploymentPostprocessing = 0;
		};
/* End PBXFrameworksBuildPhase section */

/* Begin PBXGroup section */
		080E96DDFE201D6D7F000001 /* Classes */ = {
			isa = PBXGroup;
			children = (
				1EF58C9B12BBFB4B00754D7E /* Implementation */,
				1EF58CE212BBFB4B00754D7E /* Interface */,
				1EC8E987124FB2F100DCB289 /* JSON */,
				1D3623240D0F684500981E51 /* SocialCoderAppDelegate.h */,
				1D3623250D0F684500981E51 /* SocialCoderAppDelegate.m */,
				1E5B36DA12B4F28E0044ACD9 /* LoginViewController.h */,
				1E5B36DB12B4F28E0044ACD9 /* LoginViewController.m */,
				1E5B36E112B4F3220044ACD9 /* LoginView.h */,
				1E5B36E212B4F3220044ACD9 /* LoginView.m */,
				1E5B376312B50CAE0044ACD9 /* LoginFormTableViewController.h */,
				1E5B376412B50CAE0044ACD9 /* LoginFormTableViewController.m */,
				1EF58E9112BC1DA500754D7E /* MenuTableViewController.h */,
				1EF58E9212BC1DA500754D7E /* MenuTableViewController.m */,
				1EF58EB412BC206B00754D7E /* ContentViewController.h */,
				1EF58EB512BC206B00754D7E /* ContentViewController.m */,
				1E1C2F6B12C55C4C00B35DDC /* Feed */,
				1E1C2F6C12C55C6400B35DDC /* Repositories */,
				1E1C2F6D12C55C7D00B35DDC /* Gists */,
				1E1C2F7712C55CA200B35DDC /* Search */,
			);
			path = Classes;
			sourceTree = "<group>";
		};
		19C28FACFE9D520D11CA2CBB /* Products */ = {
			isa = PBXGroup;
			children = (
				1D6058910D05DD3D006BFB54 /* SocialCoder.app */,
			);
			name = Products;
			sourceTree = "<group>";
		};
		1E1C2F6B12C55C4C00B35DDC /* Feed */ = {
			isa = PBXGroup;
			children = (
				1EF58F0012BC27CF00754D7E /* FeedTableViewController.h */,
				1EF58F0112BC27CF00754D7E /* FeedTableViewController.m */,
			);
			name = Feed;
			sourceTree = "<group>";
		};
		1E1C2F6C12C55C6400B35DDC /* Repositories */ = {
			isa = PBXGroup;
			children = (
				1E54136012BCAB3C006D3200 /* RepositoriesTableViewController.h */,
				1E54136112BCAB3C006D3200 /* RepositoriesTableViewController.m */,
				1E269BB912BE586A005A3289 /* RepositoryCell.h */,
				1E269BBA12BE586A005A3289 /* RepositoryCell.m */,
				1E1C2FBF12C55FAC00B35DDC /* FileBrowserTableViewController.h */,
				1E1C2FC012C55FAC00B35DDC /* FileBrowserTableViewController.m */,
				1E1C312D12C74CC300B35DDC /* BranchPickerTableViewController.h */,
				1E1C312E12C74CC300B35DDC /* BranchPickerTableViewController.m */,
			);
			name = Repositories;
			sourceTree = "<group>";
		};
		1E1C2F6D12C55C7D00B35DDC /* Gists */ = {
			isa = PBXGroup;
			children = (
				1E1C2F7812C55CDD00B35DDC /* GistsTableViewController.h */,
				1E1C2F7912C55CDD00B35DDC /* GistsTableViewController.m */,
			);
			name = Gists;
			sourceTree = "<group>";
		};
		1E1C2F7712C55CA200B35DDC /* Search */ = {
			isa = PBXGroup;
			children = (
				1E1C2F7B12C55CF200B35DDC /* SearchTableViewController.h */,
				1E1C2F7C12C55CF200B35DDC /* SearchTableViewController.m */,
			);
			name = Search;
			sourceTree = "<group>";
		};
		1E590579124BFD7F007FAAA9 /* Images */ = {
			isa = PBXGroup;
			children = (
				1E1C34D712C8AEA200B35DDC /* navbarBackground.png */,
				1E1C331412C7F8F000B35DDC /* texture2.png */,
				1E1C329F12C7EFB000B35DDC /* rowBackground.png */,
				1E1C32A012C7EFB000B35DDC /* rowBackgroundSelected.png */,
				1E1C328A12C7EE1800B35DDC /* texture1.png */,
				1E8644DD12C94F7300F12375 /* dir.png */,
				1E8644DE12C94F7300F12375 /* txt.png */,
				1E269C8C12BE6845005A3289 /* forks.png */,
				1E269C8D12BE6845005A3289 /* watchers.png */,
				1EF58DB012BC050E00754D7E /* github.png */,
				1E590577124BFD7A007FAAA9 /* default_avatar.png */,
			);
			name = Images;
			sourceTree = "<group>";
		};
		1EC8E987124FB2F100DCB289 /* JSON */ = {
			isa = PBXGroup;
			children = (
				1EC8E988124FB30700DCB289 /* JSON.h */,
				1EC8E989124FB30700DCB289 /* NSObject+SBJSON.h */,
				1EC8E98A124FB30700DCB289 /* NSObject+SBJSON.m */,
				1EC8E98B124FB30700DCB289 /* NSString+SBJSON.h */,
				1EC8E98C124FB30700DCB289 /* NSString+SBJSON.m */,
				1EC8E98D124FB30700DCB289 /* SBJsonBase.h */,
				1EC8E98E124FB30700DCB289 /* SBJsonBase.m */,
				1EC8E98F124FB30700DCB289 /* SBJsonParser.h */,
				1EC8E990124FB30700DCB289 /* SBJsonParser.m */,
				1EC8E991124FB30700DCB289 /* SBJsonWriter.h */,
				1EC8E992124FB30700DCB289 /* SBJsonWriter.m */,
			);
			name = JSON;
			sourceTree = "<group>";
		};
		1EF58C9B12BBFB4B00754D7E /* Implementation */ = {
			isa = PBXGroup;
			children = (
				1EF58C9C12BBFB4B00754D7E /* CommitService */,
				1EF58CA212BBFB4B00754D7E /* Common */,
				1EF58CA612BBFB4B00754D7E /* IssueService */,
				1EF58CB212BBFB4B00754D7E /* ObjectService */,
				1EF58CBE12BBFB4B00754D7E /* RepositoryService */,
				1EF58CD612BBFB4B00754D7E /* UserService */,
			);
			path = Implementation;
			sourceTree = "<group>";
		};
		1EF58C9C12BBFB4B00754D7E /* CommitService */ = {
			isa = PBXGroup;
			children = (
				1EF58C9D12BBFB4B00754D7E /* GitHubCommitFactory.h */,
				1EF58C9E12BBFB4B00754D7E /* GitHubCommitFactory.m */,
				1EF58C9F12BBFB4B00754D7E /* GitHubCommitImp.h */,
				1EF58CA012BBFB4B00754D7E /* GitHubCommitImp.m */,
				1EF58CA112BBFB4B00754D7E /* GitHubCommitServiceFactory.m */,
			);
			path = CommitService;
			sourceTree = "<group>";
		};
		1EF58CA212BBFB4B00754D7E /* Common */ = {
			isa = PBXGroup;
			children = (
				1EF58CA312BBFB4B00754D7E /* GitHubBaseFactory.h */,
				1EF58CA412BBFB4B00754D7E /* GitHubBaseFactory.m */,
				1EF58CA512BBFB4B00754D7E /* GitHubServiceSettings.m */,
			);
			path = Common;
			sourceTree = "<group>";
		};
		1EF58CA612BBFB4B00754D7E /* IssueService */ = {
			isa = PBXGroup;
			children = (
				1EF58CA712BBFB4B00754D7E /* GitHubCommentFactory.h */,
				1EF58CA812BBFB4B00754D7E /* GitHubCommentFactory.m */,
				1EF58CA912BBFB4B00754D7E /* GitHubCommentImp.h */,
				1EF58CAA12BBFB4B00754D7E /* GitHubCommentImp.m */,
				1EF58CAB12BBFB4B00754D7E /* GitHubIssueFactory.h */,
				1EF58CAC12BBFB4B00754D7E /* GitHubIssueFactory.m */,
				1EF58CAD12BBFB4B00754D7E /* GitHubIssueImp.h */,
				1EF58CAE12BBFB4B00754D7E /* GitHubIssueImp.m */,
				1EF58CAF12BBFB4B00754D7E /* GitHubIssueServiceFactory.m */,
				1EF58CB012BBFB4B00754D7E /* GitHubLabelFactory.h */,
				1EF58CB112BBFB4B00754D7E /* GitHubLabelFactory.m */,
			);
			path = IssueService;
			sourceTree = "<group>";
		};
		1EF58CB212BBFB4B00754D7E /* ObjectService */ = {
			isa = PBXGroup;
			children = (
				1EF58CB312BBFB4B00754D7E /* GitHubBlobFactory.h */,
				1EF58CB412BBFB4B00754D7E /* GitHubBlobFactory.m */,
				1EF58CB512BBFB4B00754D7E /* GitHubBlobImp.h */,
				1EF58CB612BBFB4B00754D7E /* GitHubBlobImp.m */,
				1EF58CB712BBFB4B00754D7E /* GitHubDataFactory.h */,
				1EF58CB812BBFB4B00754D7E /* GitHubDataFactory.m */,
				1EF58CB912BBFB4B00754D7E /* GitHubObjectServiceFactory.m */,
				1EF58CBA12BBFB4B00754D7E /* GitHubTreeItemFactory.h */,
				1EF58CBB12BBFB4B00754D7E /* GitHubTreeItemFactory.m */,
				1EF58CBC12BBFB4B00754D7E /* GitHubTreeItemImp.h */,
				1EF58CBD12BBFB4B00754D7E /* GitHubTreeItemImp.m */,
			);
			path = ObjectService;
			sourceTree = "<group>";
		};
		1EF58CBE12BBFB4B00754D7E /* RepositoryService */ = {
			isa = PBXGroup;
			children = (
				1EF58CBF12BBFB4B00754D7E /* GitHubBranchFactory.h */,
				1EF58CC012BBFB4B00754D7E /* GitHubBranchFactory.m */,
				1EF58CC112BBFB4B00754D7E /* GitHubBranchImp.h */,
				1EF58CC212BBFB4B00754D7E /* GitHubBranchImp.m */,
				1EF58CC312BBFB4B00754D7E /* GitHubCollaboratorFactory.h */,
				1EF58CC412BBFB4B00754D7E /* GitHubCollaboratorFactory.m */,
				1EF58CC512BBFB4B00754D7E /* GitHubContributorFactory.h */,
				1EF58CC612BBFB4B00754D7E /* GitHubContributorFactory.m */,
				1EF58CC712BBFB4B00754D7E /* GitHubContributorImp.h */,
				1EF58CC812BBFB4B00754D7E /* GitHubContributorImp.m */,
				1EF58CC912BBFB4B00754D7E /* GitHubRepositoryFactory.h */,
				1EF58CCA12BBFB4B00754D7E /* GitHubRepositoryFactory.m */,
				1EF58CCB12BBFB4B00754D7E /* GitHubRepositoryImp.h */,
				1EF58CCC12BBFB4B00754D7E /* GitHubRepositoryImp.m */,
				1EF58CCD12BBFB4B00754D7E /* GitHubRepositoryPoster.h */,
				1EF58CCE12BBFB4B00754D7E /* GitHubRepositoryPoster.m */,
				1EF58CCF12BBFB4B00754D7E /* GitHubRepositoryServiceFactory.m */,
				1EF58CD012BBFB4B00754D7E /* GitHubTagFactory.h */,
				1EF58CD112BBFB4B00754D7E /* GitHubTagFactory.m */,
				1EF58CD212BBFB4B00754D7E /* GitHubTagImp.h */,
				1EF58CD312BBFB4B00754D7E /* GitHubTagImp.m */,
				1EF58CD412BBFB4B00754D7E /* GitHubWatcherFactory.h */,
				1EF58CD512BBFB4B00754D7E /* GitHubWatcherFactory.m */,
			);
			path = RepositoryService;
			sourceTree = "<group>";
		};
		1EF58CD612BBFB4B00754D7E /* UserService */ = {
			isa = PBXGroup;
			children = (
				1EF58CD712BBFB4B00754D7E /* GitHubUserFactory.h */,
				1EF58CD812BBFB4B00754D7E /* GitHubUserFactory.m */,
				1EF58CD912BBFB4B00754D7E /* GitHubUserImp.h */,
				1EF58CDA12BBFB4B00754D7E /* GitHubUserImp.m */,
				1EF58CDB12BBFB4B00754D7E /* GitHubUserNameFactory.h */,
				1EF58CDC12BBFB4B00754D7E /* GitHubUserNameFactory.m */,
				1EF58CDD12BBFB4B00754D7E /* GitHubUserPoster.h */,
				1EF58CDE12BBFB4B00754D7E /* GitHubUserPoster.m */,
				1EF58CDF12BBFB4B00754D7E /* GitHubUserSearchFactory.h */,
				1EF58CE012BBFB4B00754D7E /* GitHubUserSearchFactory.m */,
				1EF58CE112BBFB4B00754D7E /* GitHubUserServiceFactory.m */,
			);
			path = UserService;
			sourceTree = "<group>";
		};
		1EF58CE212BBFB4B00754D7E /* Interface */ = {
			isa = PBXGroup;
			children = (
				1EF58CE312BBFB4B00754D7E /* GitHubBlob.h */,
				1EF58CE412BBFB4B00754D7E /* GitHubBranch.h */,
				1EF58CE512BBFB4B00754D7E /* GitHubComment.h */,
				1EF58CE612BBFB4B00754D7E /* GitHubCommit.h */,
				1EF58CE712BBFB4B00754D7E /* GitHubCommitServiceFactory.h */,
				1EF58CE812BBFB4B00754D7E /* GitHubContributor.h */,
				1EF58CE912BBFB4B00754D7E /* GitHubIssue.h */,
				1EF58CEA12BBFB4B00754D7E /* GitHubIssueServiceFactory.h */,
				1EF58CEB12BBFB4B00754D7E /* GitHubObjectServiceFactory.h */,
				1EF58CEC12BBFB4B00754D7E /* GitHubRef.h */,
				1EF58CED12BBFB4B00754D7E /* GitHubRepository.h */,
				1EF58CEE12BBFB4B00754D7E /* GitHubRepositoryServiceFactory.h */,
				1EF58CEF12BBFB4B00754D7E /* GitHubService.h */,
				1EF58CF012BBFB4B00754D7E /* GitHubServiceDelegate.h */,
				1EF58CF112BBFB4B00754D7E /* GitHubServiceGotBlobDelegate.h */,
				1EF58CF212BBFB4B00754D7E /* GitHubServiceGotBranchDelegate.h */,
				1EF58CF312BBFB4B00754D7E /* GitHubServiceGotCommentDelegate.h */,
				1EF58CF412BBFB4B00754D7E /* GitHubServiceGotCommitDelegate.h */,
				1EF58CF512BBFB4B00754D7E /* GitHubServiceGotContributorDelegate.h */,
				1EF58CF612BBFB4B00754D7E /* GitHubServiceGotDataDelegate.h */,
				1EF58CF712BBFB4B00754D7E /* GitHubServiceGotIssueDelegate.h */,
				1EF58CF812BBFB4B00754D7E /* GitHubServiceGotNameDelegate.h */,
				1EF58CF912BBFB4B00754D7E /* GitHubServiceGotRepositoryDelegate.h */,
				1EF58CFA12BBFB4B00754D7E /* GitHubServiceGotTagDelegate.h */,
				1EF58CFB12BBFB4B00754D7E /* GitHubServiceGotTreeItemDelegate.h */,
				1EF58CFC12BBFB4B00754D7E /* GitHubServiceGotUserDelegate.h */,
				1EF58CFD12BBFB4B00754D7E /* GitHubServiceSettings.h */,
				1EF58CFE12BBFB4B00754D7E /* GitHubTag.h */,
				1EF58CFF12BBFB4B00754D7E /* GitHubTreeItem.h */,
				1EF58D0012BBFB4B00754D7E /* GitHubUser.h */,
				1EF58D0112BBFB4B00754D7E /* GitHubUserServiceFactory.h */,
			);
			path = Interface;
			sourceTree = "<group>";
		};
		29B97314FDCFA39411CA2CEA /* CustomTemplate */ = {
			isa = PBXGroup;
			children = (
				080E96DDFE201D6D7F000001 /* Classes */,
				29B97315FDCFA39411CA2CEA /* Other Sources */,
				29B97317FDCFA39411CA2CEA /* Resources */,
				29B97323FDCFA39411CA2CEA /* Frameworks */,
				19C28FACFE9D520D11CA2CBB /* Products */,
			);
			name = CustomTemplate;
			sourceTree = "<group>";
		};
		29B97315FDCFA39411CA2CEA /* Other Sources */ = {
			isa = PBXGroup;
			children = (
				32CA4F630368D1EE00C91783 /* SocialCoder_Prefix.pch */,
				29B97316FDCFA39411CA2CEA /* main.m */,
			);
			name = "Other Sources";
			sourceTree = "<group>";
		};
		29B97317FDCFA39411CA2CEA /* Resources */ = {
			isa = PBXGroup;
			children = (
				1E590579124BFD7F007FAAA9 /* Images */,
				28193054112F811F00ECF9B4 /* SocialCoder.xcdatamodeld */,
				8D1107310486CEB800E47090 /* SocialCoder-Info.plist */,
			);
			name = Resources;
			sourceTree = "<group>";
		};
		29B97323FDCFA39411CA2CEA /* Frameworks */ = {
			isa = PBXGroup;
			children = (
				1E3EA0411250FC9100B7C5B6 /* MessageUI.framework */,
				1DF5F4DF0D08C38300B7A737 /* UIKit.framework */,
				1D30AB110D05D00D00671497 /* Foundation.framework */,
				288765A40DF7441C002DB57D /* CoreGraphics.framework */,
				28D801B30F44B63D00FB423F /* CoreData.framework */,
			);
			name = Frameworks;
			sourceTree = "<group>";
		};
/* End PBXGroup section */

/* Begin PBXNativeTarget section */
		1D6058900D05DD3D006BFB54 /* SocialCoder */ = {
			isa = PBXNativeTarget;
			buildConfigurationList = 1D6058960D05DD3E006BFB54 /* Build configuration list for PBXNativeTarget "SocialCoder" */;
			buildPhases = (
				1D60588D0D05DD3D006BFB54 /* Resources */,
				1D60588E0D05DD3D006BFB54 /* Sources */,
				1D60588F0D05DD3D006BFB54 /* Frameworks */,
			);
			buildRules = (
			);
			dependencies = (
			);
			name = SocialCoder;
			productName = SocialCoder;
			productReference = 1D6058910D05DD3D006BFB54 /* SocialCoder.app */;
			productType = "com.apple.product-type.application";
		};
/* End PBXNativeTarget section */

/* Begin PBXProject section */
		29B97313FDCFA39411CA2CEA /* Project object */ = {
			isa = PBXProject;
			buildConfigurationList = C01FCF4E08A954540054247B /* Build configuration list for PBXProject "SocialCoder" */;
			compatibilityVersion = "Xcode 3.1";
			developmentRegion = English;
			hasScannedForEncodings = 1;
			knownRegions = (
				English,
				Japanese,
				French,
				German,
			);
			mainGroup = 29B97314FDCFA39411CA2CEA /* CustomTemplate */;
			projectDirPath = "";
			projectRoot = "";
			targets = (
				1D6058900D05DD3D006BFB54 /* SocialCoder */,
			);
		};
/* End PBXProject section */

/* Begin PBXResourcesBuildPhase section */
		1D60588D0D05DD3D006BFB54 /* Resources */ = {
			isa = PBXResourcesBuildPhase;
			buildActionMask = 2147483647;
			files = (
				1E590578124BFD7A007FAAA9 /* default_avatar.png in Resources */,
				1EF58DB112BC050E00754D7E /* github.png in Resources */,
				1E269C8E12BE6845005A3289 /* forks.png in Resources */,
				1E269C8F12BE6845005A3289 /* watchers.png in Resources */,
				1E1C328B12C7EE1800B35DDC /* texture1.png in Resources */,
				1E1C32A112C7EFB000B35DDC /* rowBackground.png in Resources */,
				1E1C32A212C7EFB000B35DDC /* rowBackgroundSelected.png in Resources */,
				1E1C331512C7F8F000B35DDC /* texture2.png in Resources */,
				1E1C34D812C8AEA200B35DDC /* navbarBackground.png in Resources */,
				1E8644DF12C94F7300F12375 /* dir.png in Resources */,
				1E8644E012C94F7300F12375 /* txt.png in Resources */,
			);
			runOnlyForDeploymentPostprocessing = 0;
		};
/* End PBXResourcesBuildPhase section */

/* Begin PBXSourcesBuildPhase section */
		1D60588E0D05DD3D006BFB54 /* Sources */ = {
			isa = PBXSourcesBuildPhase;
			buildActionMask = 2147483647;
			files = (
				1D60589B0D05DD56006BFB54 /* main.m in Sources */,
				1D3623260D0F684500981E51 /* SocialCoderAppDelegate.m in Sources */,
				28193055112F811F00ECF9B4 /* SocialCoder.xcdatamodeld in Sources */,
				1EC8E993124FB30700DCB289 /* NSObject+SBJSON.m in Sources */,
				1EC8E994124FB30700DCB289 /* NSString+SBJSON.m in Sources */,
				1EC8E995124FB30700DCB289 /* SBJsonBase.m in Sources */,
				1EC8E996124FB30700DCB289 /* SBJsonParser.m in Sources */,
				1EC8E997124FB30700DCB289 /* SBJsonWriter.m in Sources */,
				1E5B36DC12B4F28E0044ACD9 /* LoginViewController.m in Sources */,
				1E5B36E312B4F3220044ACD9 /* LoginView.m in Sources */,
				1E5B376512B50CAE0044ACD9 /* LoginFormTableViewController.m in Sources */,
				1EF58D0212BBFB4B00754D7E /* GitHubCommitFactory.m in Sources */,
				1EF58D0312BBFB4B00754D7E /* GitHubCommitImp.m in Sources */,
				1EF58D0412BBFB4B00754D7E /* GitHubCommitServiceFactory.m in Sources */,
				1EF58D0512BBFB4B00754D7E /* GitHubBaseFactory.m in Sources */,
				1EF58D0612BBFB4B00754D7E /* GitHubServiceSettings.m in Sources */,
				1EF58D0712BBFB4B00754D7E /* GitHubCommentFactory.m in Sources */,
				1EF58D0812BBFB4B00754D7E /* GitHubCommentImp.m in Sources */,
				1EF58D0912BBFB4B00754D7E /* GitHubIssueFactory.m in Sources */,
				1EF58D0A12BBFB4B00754D7E /* GitHubIssueImp.m in Sources */,
				1EF58D0B12BBFB4B00754D7E /* GitHubIssueServiceFactory.m in Sources */,
				1EF58D0C12BBFB4B00754D7E /* GitHubLabelFactory.m in Sources */,
				1EF58D0D12BBFB4B00754D7E /* GitHubBlobFactory.m in Sources */,
				1EF58D0E12BBFB4B00754D7E /* GitHubBlobImp.m in Sources */,
				1EF58D0F12BBFB4B00754D7E /* GitHubDataFactory.m in Sources */,
				1EF58D1012BBFB4B00754D7E /* GitHubObjectServiceFactory.m in Sources */,
				1EF58D1112BBFB4B00754D7E /* GitHubTreeItemFactory.m in Sources */,
				1EF58D1212BBFB4B00754D7E /* GitHubTreeItemImp.m in Sources */,
				1EF58D1312BBFB4B00754D7E /* GitHubBranchFactory.m in Sources */,
				1EF58D1412BBFB4B00754D7E /* GitHubBranchImp.m in Sources */,
				1EF58D1512BBFB4B00754D7E /* GitHubCollaboratorFactory.m in Sources */,
				1EF58D1612BBFB4B00754D7E /* GitHubContributorFactory.m in Sources */,
				1EF58D1712BBFB4B00754D7E /* GitHubContributorImp.m in Sources */,
				1EF58D1812BBFB4B00754D7E /* GitHubRepositoryFactory.m in Sources */,
				1EF58D1912BBFB4B00754D7E /* GitHubRepositoryImp.m in Sources */,
				1EF58D1A12BBFB4B00754D7E /* GitHubRepositoryPoster.m in Sources */,
				1EF58D1B12BBFB4B00754D7E /* GitHubRepositoryServiceFactory.m in Sources */,
				1EF58D1C12BBFB4B00754D7E /* GitHubTagFactory.m in Sources */,
				1EF58D1D12BBFB4B00754D7E /* GitHubTagImp.m in Sources */,
				1EF58D1E12BBFB4B00754D7E /* GitHubWatcherFactory.m in Sources */,
				1EF58D1F12BBFB4B00754D7E /* GitHubUserFactory.m in Sources */,
				1EF58D2012BBFB4B00754D7E /* GitHubUserImp.m in Sources */,
				1EF58D2112BBFB4B00754D7E /* GitHubUserNameFactory.m in Sources */,
				1EF58D2212BBFB4B00754D7E /* GitHubUserPoster.m in Sources */,
				1EF58D2312BBFB4B00754D7E /* GitHubUserSearchFactory.m in Sources */,
				1EF58D2412BBFB4B00754D7E /* GitHubUserServiceFactory.m in Sources */,
				1EF58E9312BC1DA500754D7E /* MenuTableViewController.m in Sources */,
				1EF58EB612BC206B00754D7E /* ContentViewController.m in Sources */,
				1EF58F0212BC27CF00754D7E /* FeedTableViewController.m in Sources */,
				1E54136212BCAB3C006D3200 /* RepositoriesTableViewController.m in Sources */,
				1E269BBB12BE586A005A3289 /* RepositoryCell.m in Sources */,
				1E1C2F7A12C55CDD00B35DDC /* GistsTableViewController.m in Sources */,
				1E1C2F7D12C55CF200B35DDC /* SearchTableViewController.m in Sources */,
				1E1C2FC112C55FAC00B35DDC /* FileBrowserTableViewController.m in Sources */,
				1E1C312F12C74CC300B35DDC /* BranchPickerTableViewController.m in Sources */,
			);
			runOnlyForDeploymentPostprocessing = 0;
		};
/* End PBXSourcesBuildPhase section */

/* Begin XCBuildConfiguration section */
		1D6058940D05DD3E006BFB54 /* Debug */ = {
			isa = XCBuildConfiguration;
			buildSettings = {
				ALWAYS_SEARCH_USER_PATHS = NO;
				COPY_PHASE_STRIP = NO;
				GCC_DYNAMIC_NO_PIC = NO;
				GCC_OPTIMIZATION_LEVEL = 0;
				GCC_PRECOMPILE_PREFIX_HEADER = YES;
				GCC_PREFIX_HEADER = SocialCoder_Prefix.pch;
				INFOPLIST_FILE = "SocialCoder-Info.plist";
				LIBRARY_SEARCH_PATHS = (
					"$(inherited)",
					"\"$(SRCROOT)/../GitHubObjC/build/Debug-iphonesimulator\"",
				);
				PRODUCT_NAME = SocialCoder;
			};
			name = Debug;
		};
		1D6058950D05DD3E006BFB54 /* Release */ = {
			isa = XCBuildConfiguration;
			buildSettings = {
				ALWAYS_SEARCH_USER_PATHS = NO;
				COPY_PHASE_STRIP = YES;
				GCC_PRECOMPILE_PREFIX_HEADER = YES;
				GCC_PREFIX_HEADER = SocialCoder_Prefix.pch;
				INFOPLIST_FILE = "SocialCoder-Info.plist";
				LIBRARY_SEARCH_PATHS = (
					"$(inherited)",
					"\"$(SRCROOT)/../GitHubObjC/build/Debug-iphonesimulator\"",
				);
				PRODUCT_NAME = SocialCoder;
				VALIDATE_PRODUCT = YES;
			};
			name = Release;
		};
		C01FCF4F08A954540054247B /* Debug */ = {
			isa = XCBuildConfiguration;
			buildSettings = {
				ARCHS = "$(ARCHS_UNIVERSAL_IPHONE_OS)";
				"CODE_SIGN_IDENTITY[sdk=iphoneos*]" = "iPhone Developer: Toni Suter (NAJ87AFX8Q)";
				GCC_C_LANGUAGE_STANDARD = c99;
				GCC_WARN_ABOUT_RETURN_TYPE = YES;
				GCC_WARN_UNUSED_VARIABLE = YES;
				IPHONEOS_DEPLOYMENT_TARGET = 3.2;
				PREBINDING = NO;
				"PROVISIONING_PROFILE[sdk=iphoneos*]" = "4BC65CD6-64DD-44EC-B890-45C8526F01D6";
				SDKROOT = iphoneos4.2;
				TARGETED_DEVICE_FAMILY = 2;
			};
			name = Debug;
		};
		C01FCF5008A954540054247B /* Release */ = {
			isa = XCBuildConfiguration;
			buildSettings = {
				ARCHS = "$(ARCHS_UNIVERSAL_IPHONE_OS)";
				"CODE_SIGN_IDENTITY[sdk=iphoneos*]" = "iPhone Developer: Toni Suter (NAJ87AFX8Q)";
				GCC_C_LANGUAGE_STANDARD = c99;
				GCC_WARN_ABOUT_RETURN_TYPE = YES;
				GCC_WARN_UNUSED_VARIABLE = YES;
				IPHONEOS_DEPLOYMENT_TARGET = 3.2;
				OTHER_CFLAGS = "-DNS_BLOCK_ASSERTIONS=1";
				PREBINDING = NO;
				"PROVISIONING_PROFILE[sdk=iphoneos*]" = "4BC65CD6-64DD-44EC-B890-45C8526F01D6";
				SDKROOT = iphoneos4.2;
				TARGETED_DEVICE_FAMILY = 2;
			};
			name = Release;
		};
/* End XCBuildConfiguration section */

/* Begin XCConfigurationList section */
		1D6058960D05DD3E006BFB54 /* Build configuration list for PBXNativeTarget "SocialCoder" */ = {
			isa = XCConfigurationList;
			buildConfigurations = (
				1D6058940D05DD3E006BFB54 /* Debug */,
				1D6058950D05DD3E006BFB54 /* Release */,
			);
			defaultConfigurationIsVisible = 0;
			defaultConfigurationName = Release;
		};
		C01FCF4E08A954540054247B /* Build configuration list for PBXProject "SocialCoder" */ = {
			isa = XCConfigurationList;
			buildConfigurations = (
				C01FCF4F08A954540054247B /* Debug */,
				C01FCF5008A954540054247B /* Release */,
			);
			defaultConfigurationIsVisible = 0;
			defaultConfigurationName = Release;
		};
/* End XCConfigurationList section */

/* Begin XCVersionGroup section */
		28193054112F811F00ECF9B4 /* SocialCoder.xcdatamodeld */ = {
			isa = XCVersionGroup;
			children = (
				28C3AD890F43EF2300507BA6 /* SocialCoder.xcdatamodel */,
			);
			currentVersion = 28C3AD890F43EF2300507BA6 /* SocialCoder.xcdatamodel */;
			path = SocialCoder.xcdatamodeld;
			sourceTree = "<group>";
			versionGroupType = wrapper.xcdatamodel;
		};
/* End XCVersionGroup section */
	};
	rootObject = 29B97313FDCFA39411CA2CEA /* Project object */;
}
